
Microsoft Visual Studio Solution File, Format Version 12.00
# Visual Studio Version 17
VisualStudioVersion = 17.1.31911.260
MinimumVisualStudioVersion = 10.0.40219.1
Project("{FAE04EC0-301F-11D3-BF4B-00C04F79EFBC}") = "LINQ Date Base Query Examples", "LINQ Date Base Query Examples\LINQ Date Base Query Examples.csproj", "{AAB4B68A-19C2-4413-8B8C-93646EF9140B}"
EndProject
Global
	GlobalSection(SolutionConfigurationPlatforms) = preSolution
		Debug|Any CPU = Debug|Any CPU
		Release|Any CPU = Release|Any CPU
	EndGlobalSection
	GlobalSection(ProjectConfigurationPlatforms) = postSolution
		{AAB4B68A-19C2-4413-8B8C-93646EF9140B}.Debug|Any CPU.ActiveCfg = Debug|Any CPU
		{AAB4B68A-19C2-4413-8B8C-93646EF9140B}.Debug|Any CPU.Build.0 = Debug|Any CPU
		{AAB4B68A-19C2-4413-8B8C-93646EF9140B}.Release|Any CPU.ActiveCfg = Release|Any CPU
		{AAB4B68A-19C2-4413-8B8C-93646EF9140B}.Release|Any CPU.Build.0 = Release|Any CPU
	EndGlobalSection
	GlobalSection(SolutionProperties) = preSolution
		HideSolutionNode = FALSE
	EndGlobalSection
	GlobalSection(ExtensibilityGlobals) = postSolution
		SolutionGuid = {50F66A1A-7E12-4253-B3F3-96E221006651}
	EndGlobalSection
EndGlobal
